Microsoft Visual Studio Solution File, Format Version 11.00
# Visual Studio 2017

Project("{8BC9CEB8-8B4A-11D0-8D11-00A0C91BC942}") = "MelodySmith-juce - Standalone Plugin", "MelodySmith-juce_StandalonePlugin.vcxproj", "{B905BACD-B005-DC47-ABD2-AEAF99384F1F}"
	ProjectSection(ProjectDependencies) = postProject
		{1D322440-A6A8-00B5-043A-8226A32E400E} = {1D322440-A6A8-00B5-043A-8226A32E400E}
	EndProjectSection
EndProject
Project("{8BC9CEB8-8B4A-11D0-8D11-00A0C91BC942}") = "MelodySmith-juce - VST", "MelodySmith-juce_VST.vcxproj", "{ACECA6B1-E137-F30F-3353-DE9D3E504CFA}"
	ProjectSection(ProjectDependencies) = postProject
		{1D322440-A6A8-00B5-043A-8226A32E400E} = {1D322440-A6A8-00B5-043A-8226A32E400E}
	EndProjectSection
EndProject
Project("{8BC9CEB8-8B4A-11D0-8D11-00A0C91BC942}") = "MelodySmith-juce - Shared Code", "MelodySmith-juce_SharedCode.vcxproj", "{1D322440-A6A8-00B5-043A-8226A32E400E}"
EndProject
Global
	GlobalSection(SolutionConfigurationPlatforms) = preSolution
		Debug|x64 = Debug|x64
		Release|x64 = Release|x64
	EndGlobalSection
	GlobalSection(ProjectConfigurationPlatforms) = postSolution
		{ACECA6B1-E137-F30F-3353-DE9D3E504CFA}.Debug|x64.ActiveCfg = Debug|x64
		{ACECA6B1-E137-F30F-3353-DE9D3E504CFA}.Debug|x64.Build.0 = Debug|x64
		{ACECA6B1-E137-F30F-3353-DE9D3E504CFA}.Release|x64.ActiveCfg = Release|x64
		{ACECA6B1-E137-F30F-3353-DE9D3E504CFA}.Release|x64.Build.0 = Release|x64
		{B905BACD-B005-DC47-ABD2-AEAF99384F1F}.Debug|x64.ActiveCfg = Debug|x64
		{B905BACD-B005-DC47-ABD2-AEAF99384F1F}.Debug|x64.Build.0 = Debug|x64
		{B905BACD-B005-DC47-ABD2-AEAF99384F1F}.Release|x64.ActiveCfg = Release|x64
		{B905BACD-B005-DC47-ABD2-AEAF99384F1F}.Release|x64.Build.0 = Release|x64
		{1D322440-A6A8-00B5-043A-8226A32E400E}.Debug|x64.ActiveCfg = Debug|x64
		{1D322440-A6A8-00B5-043A-8226A32E400E}.Debug|x64.Build.0 = Debug|x64
		{1D322440-A6A8-00B5-043A-8226A32E400E}.Release|x64.ActiveCfg = Release|x64
		{1D322440-A6A8-00B5-043A-8226A32E400E}.Release|x64.Build.0 = Release|x64
	EndGlobalSection
	GlobalSection(SolutionProperties) = preSolution
		HideSolutionNode = FALSE
	EndGlobalSection
EndGlobal
